
Microsoft Visual Studio Solution File, Format Version 12.00
# Visual Studio 2013
VisualStudioVersion = 12.0.21005.1
MinimumVisualStudioVersion = 10.0.40219.1
Project("{FAE04EC0-301F-11D3-BF4B-00C04F79EFBC}") = "APIMATICCalculatorTestcases.PCL", "APIMATICCalculatorTestcases.PCL/APIMATICCalculatorTestcases.PCL.csproj", "{3eff7bbb-f7ff-4718-af8a-de3613f68edf}"
EndProject
Project("{FAE04EC0-301F-11D3-BF4B-00C04F79EFBC}") = "APIMATICCalculatorTestcases.Tests", "APIMATICCalculatorTestcases.Tests/APIMATICCalculatorTestcases.Tests.csproj", "{2571c9b9-4bfd-4f15-9228-06133866ba1b}"
EndProject
Global
    GlobalSection(SolutionConfigurationPlatforms) = preSolution
        Debug|Any CPU = Debug|Any CPU
        Release|Any CPU = Release|Any CPU
    EndGlobalSection
    GlobalSection(ProjectConfigurationPlatforms) = postSolution
        {3eff7bbb-f7ff-4718-af8a-de3613f68edf}.Debug|Any CPU.ActiveCfg = Debug|Any CPU
        {3eff7bbb-f7ff-4718-af8a-de3613f68edf}.Debug|Any CPU.Build.0 = Debug|Any CPU
        {3eff7bbb-f7ff-4718-af8a-de3613f68edf}.Release|Any CPU.ActiveCfg = Release|Any CPU
        {3eff7bbb-f7ff-4718-af8a-de3613f68edf}.Release|Any CPU.Build.0 = Release|Any CPU
        {2571c9b9-4bfd-4f15-9228-06133866ba1b}.Debug|Any CPU.ActiveCfg = Debug|Any CPU
        {2571c9b9-4bfd-4f15-9228-06133866ba1b}.Debug|Any CPU.Build.0 = Debug|Any CPU
        {2571c9b9-4bfd-4f15-9228-06133866ba1b}.Release|Any CPU.ActiveCfg = Release|Any CPU
        {2571c9b9-4bfd-4f15-9228-06133866ba1b}.Release|Any CPU.Build.0 = Release|Any CPU
    EndGlobalSection
    GlobalSection(SolutionProperties) = preSolution
        HideSolutionNode = FALSE
    EndGlobalSection
EndGlobal
